
Microsoft Visual Studio Solution File, Format Version 12.00
# Visual Studio Version 17
VisualStudioVersion = 17.2.32630.192
MinimumVisualStudioVersion = 10.0.40219.1
Project("{9A19103F-16F7-4668-BE54-9A1E7A4F7556}") = "R5T.R0008", "R5T.R0008\R5T.R0008.csproj", "{EC61A475-2833-415B-91B5-E0503EE28DD1}"
EndProject
Project("{9A19103F-16F7-4668-BE54-9A1E7A4F7556}") = "R5T.R0008.T000", "R5T.R0008.T000\R5T.R0008.T000.csproj", "{35B9653F-112E-41A4-A6BC-38A313893CBD}"
EndProject
Project("{2150E333-8FDC-42A3-9474-1A3956D46DE8}") = "_Dependencies", "_Dependencies", "{C6D308CF-93FA-4DA9-9465-87F466666087}"
EndProject
Project("{9A19103F-16F7-4668-BE54-9A1E7A4F7556}") = "R5T.F0000", "..\..\R5T.F0000\source\R5T.F0000\R5T.F0000.csproj", "{2A3B2EC4-8672-45A8-AC4C-754591115646}"
EndProject
Project("{9A19103F-16F7-4668-BE54-9A1E7A4F7556}") = "R5T.T0131", "..\..\R5T.T0131\source\R5T.T0131\R5T.T0131.csproj", "{1E830503-B89D-48F2-85FE-05754C87FB18}"
EndProject
Project("{9A19103F-16F7-4668-BE54-9A1E7A4F7556}") = "R5T.T0132", "..\..\R5T.T0132\source\R5T.T0132\R5T.T0132.csproj", "{72F86933-6B77-4BDF-AFBB-C595A268FB10}"
EndProject
Project("{9A19103F-16F7-4668-BE54-9A1E7A4F7556}") = "R5T.T0142", "..\..\R5T.T0142\source\R5T.T0142\R5T.T0142.csproj", "{9E49DD78-6E9D-476E-B8C5-F0547C1B49F7}"
EndProject
Project("{9A19103F-16F7-4668-BE54-9A1E7A4F7556}") = "R5T.T0143", "..\..\R5T.T0143\source\R5T.T0143\R5T.T0143.csproj", "{1350E914-0F5C-4A6A-914B-AE8AD5F6197A}"
EndProject
Project("{9A19103F-16F7-4668-BE54-9A1E7A4F7556}") = "R5T.T0156", "..\..\R5T.T0156\source\R5T.T0156\R5T.T0156.csproj", "{836CEAAB-95F7-455E-8856-470FE7E3EE1C}"
EndProject
Project("{9A19103F-16F7-4668-BE54-9A1E7A4F7556}") = "R5T.Y0000", "..\..\R5T.Y0000\source\R5T.Y0000\R5T.Y0000.csproj", "{FCB56041-75B1-4A61-A1DA-7090F5C2FF3A}"
EndProject
Project("{9A19103F-16F7-4668-BE54-9A1E7A4F7556}") = "R5T.Z0000", "..\..\R5T.Z0000\source\R5T.Z0000\R5T.Z0000.csproj", "{BA578119-E793-4EED-BCDA-0B8FB0E8A2F5}"
EndProject
Global
	GlobalSection(NestedProjects) = preSolution
		{2A3B2EC4-8672-45A8-AC4C-754591115646} = {C6D308CF-93FA-4DA9-9465-87F466666087}
		{1E830503-B89D-48F2-85FE-05754C87FB18} = {C6D308CF-93FA-4DA9-9465-87F466666087}
		{72F86933-6B77-4BDF-AFBB-C595A268FB10} = {C6D308CF-93FA-4DA9-9465-87F466666087}
		{9E49DD78-6E9D-476E-B8C5-F0547C1B49F7} = {C6D308CF-93FA-4DA9-9465-87F466666087}
		{1350E914-0F5C-4A6A-914B-AE8AD5F6197A} = {C6D308CF-93FA-4DA9-9465-87F466666087}
		{836CEAAB-95F7-455E-8856-470FE7E3EE1C} = {C6D308CF-93FA-4DA9-9465-87F466666087}
		{FCB56041-75B1-4A61-A1DA-7090F5C2FF3A} = {C6D308CF-93FA-4DA9-9465-87F466666087}
		{BA578119-E793-4EED-BCDA-0B8FB0E8A2F5} = {C6D308CF-93FA-4DA9-9465-87F466666087}
	EndGlobalSection
	GlobalSection(SolutionConfigurationPlatforms) = preSolution
		Debug|Any CPU = Debug|Any CPU
		Release|Any CPU = Release|Any CPU
	EndGlobalSection
	GlobalSection(ProjectConfigurationPlatforms) = postSolution
		{EC61A475-2833-415B-91B5-E0503EE28DD1}.Debug|Any CPU.ActiveCfg = Debug|Any CPU
		{EC61A475-2833-415B-91B5-E0503EE28DD1}.Debug|Any CPU.Build.0 = Debug|Any CPU
		{EC61A475-2833-415B-91B5-E0503EE28DD1}.Release|Any CPU.ActiveCfg = Release|Any CPU
		{EC61A475-2833-415B-91B5-E0503EE28DD1}.Release|Any CPU.Build.0 = Release|Any CPU
		{35B9653F-112E-41A4-A6BC-38A313893CBD}.Debug|Any CPU.ActiveCfg = Debug|Any CPU
		{35B9653F-112E-41A4-A6BC-38A313893CBD}.Debug|Any CPU.Build.0 = Debug|Any CPU
		{35B9653F-112E-41A4-A6BC-38A313893CBD}.Release|Any CPU.ActiveCfg = Release|Any CPU
		{35B9653F-112E-41A4-A6BC-38A313893CBD}.Release|Any CPU.Build.0 = Release|Any CPU
		{2A3B2EC4-8672-45A8-AC4C-754591115646}.Debug|Any CPU.ActiveCfg = Debug|Any CPU
		{2A3B2EC4-8672-45A8-AC4C-754591115646}.Debug|Any CPU.Build.0 = Debug|Any CPU
		{2A3B2EC4-8672-45A8-AC4C-754591115646}.Release|Any CPU.ActiveCfg = Release|Any CPU
		{2A3B2EC4-8672-45A8-AC4C-754591115646}.Release|Any CPU.Build.0 = Release|Any CPU
		{1E830503-B89D-48F2-85FE-05754C87FB18}.Debug|Any CPU.ActiveCfg = Debug|Any CPU
		{1E830503-B89D-48F2-85FE-05754C87FB18}.Debug|Any CPU.Build.0 = Debug|Any CPU
		{1E830503-B89D-48F2-85FE-05754C87FB18}.Release|Any CPU.ActiveCfg = Release|Any CPU
		{1E830503-B89D-48F2-85FE-05754C87FB18}.Release|Any CPU.Build.0 = Release|Any CPU
		{72F86933-6B77-4BDF-AFBB-C595A268FB10}.Debug|Any CPU.ActiveCfg = Debug|Any CPU
		{72F86933-6B77-4BDF-AFBB-C595A268FB10}.Debug|Any CPU.Build.0 = Debug|Any CPU
		{72F86933-6B77-4BDF-AFBB-C595A268FB10}.Release|Any CPU.ActiveCfg = Release|Any CPU
		{72F86933-6B77-4BDF-AFBB-C595A268FB10}.Release|Any CPU.Build.0 = Release|Any CPU
		{9E49DD78-6E9D-476E-B8C5-F0547C1B49F7}.Debug|Any CPU.ActiveCfg = Debug|Any CPU
		{9E49DD78-6E9D-476E-B8C5-F0547C1B49F7}.Debug|Any CPU.Build.0 = Debug|Any CPU
		{9E49DD78-6E9D-476E-B8C5-F0547C1B49F7}.Release|Any CPU.ActiveCfg = Release|Any CPU
		{9E49DD78-6E9D-476E-B8C5-F0547C1B49F7}.Release|Any CPU.Build.0 = Release|Any CPU
		{1350E914-0F5C-4A6A-914B-AE8AD5F6197A}.Debug|Any CPU.ActiveCfg = Debug|Any CPU
		{1350E914-0F5C-4A6A-914B-AE8AD5F6197A}.Debug|Any CPU.Build.0 = Debug|Any CPU
		{1350E914-0F5C-4A6A-914B-AE8AD5F6197A}.Release|Any CPU.ActiveCfg = Release|Any CPU
		{1350E914-0F5C-4A6A-914B-AE8AD5F6197A}.Release|Any CPU.Build.0 = Release|Any CPU
		{836CEAAB-95F7-455E-8856-470FE7E3EE1C}.Debug|Any CPU.ActiveCfg = Debug|Any CPU
		{836CEAAB-95F7-455E-8856-470FE7E3EE1C}.Debug|Any CPU.Build.0 = Debug|Any CPU
		{836CEAAB-95F7-455E-8856-470FE7E3EE1C}.Release|Any CPU.ActiveCfg = Release|Any CPU
		{836CEAAB-95F7-455E-8856-470FE7E3EE1C}.Release|Any CPU.Build.0 = Release|Any CPU
		{FCB56041-75B1-4A61-A1DA-7090F5C2FF3A}.Debug|Any CPU.ActiveCfg = Debug|Any CPU
		{FCB56041-75B1-4A61-A1DA-7090F5C2FF3A}.Debug|Any CPU.Build.0 = Debug|Any CPU
		{FCB56041-75B1-4A61-A1DA-7090F5C2FF3A}.Release|Any CPU.ActiveCfg = Release|Any CPU
		{FCB56041-75B1-4A61-A1DA-7090F5C2FF3A}.Release|Any CPU.Build.0 = Release|Any CPU
		{BA578119-E793-4EED-BCDA-0B8FB0E8A2F5}.Debug|Any CPU.ActiveCfg = Debug|Any CPU
		{BA578119-E793-4EED-BCDA-0B8FB0E8A2F5}.Debug|Any CPU.Build.0 = Debug|Any CPU
		{BA578119-E793-4EED-BCDA-0B8FB0E8A2F5}.Release|Any CPU.ActiveCfg = Release|Any CPU
		{BA578119-E793-4EED-BCDA-0B8FB0E8A2F5}.Release|Any CPU.Build.0 = Release|Any CPU
	EndGlobalSection
	GlobalSection(SolutionProperties) = preSolution
		HideSolutionNode = FALSE
	EndGlobalSection
	GlobalSection(ExtensibilityGlobals) = postSolution
		SolutionGuid = {02A12DB2-916A-4766-99DC-067F959152E5}
	EndGlobalSection
EndGlobal
